
Microsoft Visual Studio Solution File, Format Version 12.00
# Visual Studio 15
VisualStudioVersion = 15.0.27428.2043
MinimumVisualStudioVersion = 10.0.40219.1
Project("{FAE04EC0-301F-11D3-BF4B-00C04F79EFBC}") = "EntityFramework.Functions", "..\EntityFramework.Functions\EntityFramework.Functions.csproj", "{20128F9B-B68D-4E51-A0E9-67EB1E7B9402}"
EndProject
Project("{FAE04EC0-301F-11D3-BF4B-00C04F79EFBC}") = "EntityFramework.Functions.Net45", "..\EntityFramework.Functions.Net45\EntityFramework.Functions.Net45.csproj", "{2FC7EE32-A93E-4B55-AE79-4F49C9EE5E70}"
EndProject
Project("{FAE04EC0-301F-11D3-BF4B-00C04F79EFBC}") = "EntityFramework.Functions.Net46", "..\EntityFramework.Functions.Net46\EntityFramework.Functions.Net46.csproj", "{1F4A3422-908A-4EA0-98D8-B3AD8F402FAF}"
EndProject
Project("{FAE04EC0-301F-11D3-BF4B-00C04F79EFBC}") = "EntityFramework.Functions.Tests", "..\EntityFramework.Functions.Tests\EntityFramework.Functions.Tests.csproj", "{A8813069-8F37-4D70-886B-DEA7D846CBDF}"
EndProject
Project("{FAE04EC0-301F-11D3-BF4B-00C04F79EFBC}") = "EntityFramework.Functions.Tests.Library", "..\EntityFramework.Functions.Tests.Library\EntityFramework.Functions.Tests.Library.csproj", "{27AFFFB0-BC81-40EA-9D93-55523E1AFF06}"
EndProject
Project("{FAE04EC0-301F-11D3-BF4B-00C04F79EFBC}") = "EntityFramework.Functions.Net47", "..\EntityFramework.Functions.Net47\EntityFramework.Functions.Net47.csproj", "{C9FE5455-28E0-4B20-B57E-06C1A6914631}"
EndProject
Global
	GlobalSection(SolutionConfigurationPlatforms) = preSolution
		Debug|Any CPU = Debug|Any CPU
		Release|Any CPU = Release|Any CPU
	EndGlobalSection
	GlobalSection(ProjectConfigurationPlatforms) = postSolution
		{20128F9B-B68D-4E51-A0E9-67EB1E7B9402}.Debug|Any CPU.ActiveCfg = Debug|Any CPU
		{20128F9B-B68D-4E51-A0E9-67EB1E7B9402}.Debug|Any CPU.Build.0 = Debug|Any CPU
		{20128F9B-B68D-4E51-A0E9-67EB1E7B9402}.Release|Any CPU.ActiveCfg = Release|Any CPU
		{20128F9B-B68D-4E51-A0E9-67EB1E7B9402}.Release|Any CPU.Build.0 = Release|Any CPU
		{2FC7EE32-A93E-4B55-AE79-4F49C9EE5E70}.Debug|Any CPU.ActiveCfg = Debug|Any CPU
		{2FC7EE32-A93E-4B55-AE79-4F49C9EE5E70}.Debug|Any CPU.Build.0 = Debug|Any CPU
		{2FC7EE32-A93E-4B55-AE79-4F49C9EE5E70}.Release|Any CPU.ActiveCfg = Release|Any CPU
		{2FC7EE32-A93E-4B55-AE79-4F49C9EE5E70}.Release|Any CPU.Build.0 = Release|Any CPU
		{1F4A3422-908A-4EA0-98D8-B3AD8F402FAF}.Debug|Any CPU.ActiveCfg = Debug|Any CPU
		{1F4A3422-908A-4EA0-98D8-B3AD8F402FAF}.Debug|Any CPU.Build.0 = Debug|Any CPU
		{1F4A3422-908A-4EA0-98D8-B3AD8F402FAF}.Release|Any CPU.ActiveCfg = Release|Any CPU
		{1F4A3422-908A-4EA0-98D8-B3AD8F402FAF}.Release|Any CPU.Build.0 = Release|Any CPU
		{A8813069-8F37-4D70-886B-DEA7D846CBDF}.Debug|Any CPU.ActiveCfg = Debug|Any CPU
		{A8813069-8F37-4D70-886B-DEA7D846CBDF}.Debug|Any CPU.Build.0 = Debug|Any CPU
		{A8813069-8F37-4D70-886B-DEA7D846CBDF}.Release|Any CPU.ActiveCfg = Release|Any CPU
		{A8813069-8F37-4D70-886B-DEA7D846CBDF}.Release|Any CPU.Build.0 = Release|Any CPU
		{27AFFFB0-BC81-40EA-9D93-55523E1AFF06}.Debug|Any CPU.ActiveCfg = Debug|Any CPU
		{27AFFFB0-BC81-40EA-9D93-55523E1AFF06}.Debug|Any CPU.Build.0 = Debug|Any CPU
		{27AFFFB0-BC81-40EA-9D93-55523E1AFF06}.Release|Any CPU.ActiveCfg = Release|Any CPU
		{27AFFFB0-BC81-40EA-9D93-55523E1AFF06}.Release|Any CPU.Build.0 = Release|Any CPU
		{C9FE5455-28E0-4B20-B57E-06C1A6914631}.Debug|Any CPU.ActiveCfg = Debug|Any CPU
		{C9FE5455-28E0-4B20-B57E-06C1A6914631}.Debug|Any CPU.Build.0 = Debug|Any CPU
		{C9FE5455-28E0-4B20-B57E-06C1A6914631}.Release|Any CPU.ActiveCfg = Release|Any CPU
		{C9FE5455-28E0-4B20-B57E-06C1A6914631}.Release|Any CPU.Build.0 = Release|Any CPU
	EndGlobalSection
	GlobalSection(SolutionProperties) = preSolution
		HideSolutionNode = FALSE
	EndGlobalSection
	GlobalSection(ExtensibilityGlobals) = postSolution
		SolutionGuid = {0F7AF768-28FC-4C65-9851-59D3C4BA282E}
	EndGlobalSection
EndGlobal
